<?xml version="1.0" encoding="utf-8"?>
<Project ToolsVersion="4.0" xmlns="http://schemas.microsoft.com/developer/msbuild/2003">
  <ItemGroup>
    <Filter Include="Source Files">
      <UniqueIdentifier>{4FC737F1-C7A5-4376-A066-2A32D752A2FF}</UniqueIdentifier>
      <Extensions>cpp;c;cc;cxx;def;odl;idl;hpj;bat;asm;asmx</Extensions>
    </Filter>
    <Filter Include="Header Files">
      <UniqueIdentifier>{93995380-89BD-4b04-88EB-625FBE52EBFB}</UniqueIdentifier>
      <Extensions>h;hh;hpp;hxx;hm;inl;inc;xsd</Extensions>
    </Filter>
    <Filter Include="Resource Files">
      <UniqueIdentifier>{67DA6AB6-F800-4c08-8B7A-83BB121AAD01}</UniqueIdentifier>
      <Extensions>rc;ico;cur;bmp;dlg;rc2;rct;bin;rgs;gif;jpg;jpeg;jpe;resx;tiff;tif;png;wav;mfcribbon-ms</Extensions>
    </Filter>
    <Filter Include="corgi">
      <UniqueIdentifier>{dc683e4b-29bb-4660-ad4f-7428859e6126}</UniqueIdentifier>
    </Filter>
    <Filter Include="Source Files\states">
      <UniqueIdentifier>{bd5e970a-d5ca-491a-88c5-74eb5b7ea820}</UniqueIdentifier>
    </Filter>
    <Filter Include="Source Files\systems">
      <UniqueIdentifier>{a72246ac-113f-4f13-af58-e11bbff42ef9}</UniqueIdentifier>
    </Filter>
    <Filter Include="glew">
      <UniqueIdentifier>{eb88358c-a885-4985-982e-bec32544c9ee}</UniqueIdentifier>
    </Filter>
  </ItemGroup>
  <ItemGroup>
    <ClCompile Include="..\external\corgi\src\entity_manager.cpp">
      <Filter>corgi</Filter>
    </ClCompile>
    <ClCompile Include="..\external\corgi\src\version.cpp">
      <Filter>corgi</Filter>
    </ClCompile>
    <ClCompile Include="src\main.cpp">
      <Filter>Source Files</Filter>
    </ClCompile>
    <ClCompile Include="src\states\state_manager.cpp">
      <Filter>Source Files\states</Filter>
    </ClCompile>
    <ClCompile Include="src\states\main_state.cpp">
      <Filter>Source Files\states</Filter>
    </ClCompile>
    <ClCompile Include="src\systems\transform.cpp">
      <Filter>Source Files\systems</Filter>
    </ClCompile>
    <ClCompile Include="src\systems\sprite.cpp">
      <Filter>Source Files\systems</Filter>
    </ClCompile>
    <ClCompile Include="src\systems\common.cpp">
      <Filter>Source Files\systems</Filter>
    </ClCompile>
    <ClCompile Include="src\systems\fountain_projectile.cpp">
      <Filter>Source Files\systems</Filter>
    </ClCompile>
    <ClCompile Include="src\systems\physics.cpp">
      <Filter>Source Files\systems</Filter>
    </ClCompile>
    <ClCompile Include="src\math_common.cpp">
      <Filter>Source Files</Filter>
    </ClCompile>
    <ClCompile Include="src\systems\astroid.cpp">
      <Filter>Source Files\systems</Filter>
    </ClCompile>
    <ClCompile Include="src\systems\wallbounce.cpp">
      <Filter>Source Files\systems</Filter>
    </ClCompile>
    <ClCompile Include="src\texture_manager.cpp">
      <Filter>Source Files</Filter>
    </ClCompile>
    <ClCompile Include="src\systems\playership.cpp">
      <Filter>Source Files\systems</Filter>
    </ClCompile>
    <ClCompile Include="src\keyboard_input.cpp">
      <Filter>Source Files</Filter>
    </ClCompile>
    <ClCompile Include="src\systems\fade_timer.cpp">
      <Filter>Source Files\systems</Filter>
    </ClCompile>
  </ItemGroup>
  <ItemGroup>
    <ClInclude Include="..\external\corgi\include\corgi\entity_common.h">
      <Filter>corgi</Filter>
    </ClInclude>
    <ClInclude Include="..\external\corgi\include\corgi\entity_manager.h">
      <Filter>corgi</Filter>
    </ClInclude>
    <ClInclude Include="..\external\corgi\include\corgi\vector_pool.h">
      <Filter>corgi</Filter>
    </ClInclude>
    <ClInclude Include="..\external\corgi\include\corgi\version.h">
      <Filter>corgi</Filter>
    </ClInclude>
    <ClInclude Include="src\states\state_manager.h">
      <Filter>Source Files\states</Filter>
    </ClInclude>
    <ClInclude Include="src\states\base_state.h">
      <Filter>Source Files\states</Filter>
    </ClInclude>
    <ClInclude Include="src\states\main_state.h">
      <Filter>Source Files\states</Filter>
    </ClInclude>
    <ClInclude Include="..\external\corgi\include\corgi\system.h">
      <Filter>corgi</Filter>
    </ClInclude>
    <ClInclude Include="..\external\corgi\include\corgi\system_id_lookup.h">
      <Filter>corgi</Filter>
    </ClInclude>
    <ClInclude Include="..\external\corgi\include\corgi\system_interface.h">
      <Filter>corgi</Filter>
    </ClInclude>
    <ClInclude Include="src\systems\transform.h">
      <Filter>Source Files\systems</Filter>
    </ClInclude>
    <ClInclude Include="src\systems\sprite.h">
      <Filter>Source Files\systems</Filter>
    </ClInclude>
    <ClInclude Include="src\systems\common.h">
      <Filter>Source Files\systems</Filter>
    </ClInclude>
    <ClInclude Include="..\external\glew-1.13.0\include\GL\glew.h">
      <Filter>glew</Filter>
    </ClInclude>
    <ClInclude Include="..\external\glew-1.13.0\include\GL\glxew.h">
      <Filter>glew</Filter>
    </ClInclude>
    <ClInclude Include="..\external\glew-1.13.0\include\GL\wglew.h">
      <Filter>glew</Filter>
    </ClInclude>
    <ClInclude Include="src\math_common.h">
      <Filter>Source Files</Filter>
    </ClInclude>
    <ClInclude Include="src\systems\fountain_projectile.h">
      <Filter>Source Files\systems</Filter>
    </ClInclude>
    <ClInclude Include="src\systems\physics.h">
      <Filter>Source Files\systems</Filter>
    </ClInclude>
    <ClInclude Include="src\systems\asteroid.h">
      <Filter>Source Files\systems</Filter>
    </ClInclude>
    <ClInclude Include="src\systems\wallbounce.h">
      <Filter>Source Files\systems</Filter>
    </ClInclude>
    <ClInclude Include="src\texture_manager.h">
      <Filter>Source Files</Filter>
    </ClInclude>
    <ClInclude Include="src\systems\playership.h">
      <Filter>Source Files\systems</Filter>
    </ClInclude>
    <ClInclude Include="src\keyboard_input.h">
      <Filter>Source Files</Filter>
    </ClInclude>
    <ClInclude Include="src\systems\fade_timer.h">
      <Filter>Source Files\systems</Filter>
    </ClInclude>
  </ItemGroup>
  <ItemGroup>
    <Text Include="..\external\corgi\changelog.txt">
      <Filter>corgi</Filter>
    </Text>
  </ItemGroup>
</Project>